// !$*UTF8*$!
{
	archiveVersion = 1;
	classes = {
	};
	objectVersion = 56;
	objects = {

/* Begin PBXBuildFile section */
		943C39712BF2331A00DB0F7F /* ScheduleEventView.swift in Sources */ = {isa = PBXBuildFile; fileRef = 943C39702BF2331A00DB0F7F /* ScheduleEventView.swift */; };
		943C39732BF2339E00DB0F7F /* Event.swift in Sources */ = {isa = PBXBuildFile; fileRef = 943C39722BF2339E00DB0F7F /* Event.swift */; };
		943C39752BF2367900DB0F7F /* Color.swift in Sources */ = {isa = PBXBuildFile; fileRef = 943C39742BF2367900DB0F7F /* Color.swift */; };
		943C39772BF2AB5600DB0F7F /* Date.swift in Sources */ = {isa = PBXBuildFile; fileRef = 943C39762BF2AB5600DB0F7F /* Date.swift */; };
		943C39792BF33B7900DB0F7F /* CalendarSelectedDateView.swift in Sources */ = {isa = PBXBuildFile; fileRef = 943C39782BF33B7900DB0F7F /* CalendarSelectedDateView.swift */; };
		943C397B2BF347EA00DB0F7F /* CalendarAddNewCalendarButtonView.swift in Sources */ = {isa = PBXBuildFile; fileRef = 943C397A2BF347EA00DB0F7F /* CalendarAddNewCalendarButtonView.swift */; };
		943C397D2BF3492D00DB0F7F /* CalendarGoToChatbotButtonView.swift in Sources */ = {isa = PBXBuildFile; fileRef = 943C397C2BF3492D00DB0F7F /* CalendarGoToChatbotButtonView.swift */; };
		943C39802BF34E6200DB0F7F /* ManageCalendarsView.swift in Sources */ = {isa = PBXBuildFile; fileRef = 943C397F2BF34E6200DB0F7F /* ManageCalendarsView.swift */; };
		943C39822BF3517500DB0F7F /* ManageCalendarsCalendarBlockView.swift in Sources */ = {isa = PBXBuildFile; fileRef = 943C39812BF3517500DB0F7F /* ManageCalendarsCalendarBlockView.swift */; };
		943C39842BF354B100DB0F7F /* ManageCalendarsListView.swift in Sources */ = {isa = PBXBuildFile; fileRef = 943C39832BF354B100DB0F7F /* ManageCalendarsListView.swift */; };
		943C39862BF36C1C00DB0F7F /* ManageCalendarsViewModel.swift in Sources */ = {isa = PBXBuildFile; fileRef = 943C39852BF36C1C00DB0F7F /* ManageCalendarsViewModel.swift */; };
		943C39882BF37A8A00DB0F7F /* ManageCalendarsCalendarBlockViewModel.swift in Sources */ = {isa = PBXBuildFile; fileRef = 943C39872BF37A8A00DB0F7F /* ManageCalendarsCalendarBlockViewModel.swift */; };
		949E25CA2BEF9D2C00406B08 /* CalendFlowApp.swift in Sources */ = {isa = PBXBuildFile; fileRef = 949E25C92BEF9D2C00406B08 /* CalendFlowApp.swift */; };
		949E25CE2BEF9D2D00406B08 /* Assets.xcassets in Resources */ = {isa = PBXBuildFile; fileRef = 949E25CD2BEF9D2D00406B08 /* Assets.xcassets */; };
		949E25D12BEF9D2D00406B08 /* Preview Assets.xcassets in Resources */ = {isa = PBXBuildFile; fileRef = 949E25D02BEF9D2D00406B08 /* Preview Assets.xcassets */; };
		949E25D82BEF9D7600406B08 /* MainView.swift in Sources */ = {isa = PBXBuildFile; fileRef = 949E25D72BEF9D7600406B08 /* MainView.swift */; };
		949E25DB2BEF9D9B00406B08 /* MainViewModel.swift in Sources */ = {isa = PBXBuildFile; fileRef = 949E25DA2BEF9D9B00406B08 /* MainViewModel.swift */; };
		949E25DF2BEFA58400406B08 /* SignInView.swift in Sources */ = {isa = PBXBuildFile; fileRef = 949E25DE2BEFA58400406B08 /* SignInView.swift */; };
		949E25E12BEFA59700406B08 /* SignInViewModel.swift in Sources */ = {isa = PBXBuildFile; fileRef = 949E25E02BEFA59700406B08 /* SignInViewModel.swift */; };
		949E25E42BEFC32800406B08 /* GoogleSignIn in Frameworks */ = {isa = PBXBuildFile; productRef = 949E25E32BEFC32800406B08 /* GoogleSignIn */; };
		949E25E62BEFC32800406B08 /* GoogleSignInSwift in Frameworks */ = {isa = PBXBuildFile; productRef = 949E25E52BEFC32800406B08 /* GoogleSignInSwift */; };
		949E25EA2BEFC8B200406B08 /* UIApplication+.swift in Sources */ = {isa = PBXBuildFile; fileRef = 949E25E92BEFC8B200406B08 /* UIApplication+.swift */; };
		949E25EE2BEFCECF00406B08 /* TokenStorage.swift in Sources */ = {isa = PBXBuildFile; fileRef = 949E25ED2BEFCECF00406B08 /* TokenStorage.swift */; };
		949E25F32BEFD6D600406B08 /* CalendarView.swift in Sources */ = {isa = PBXBuildFile; fileRef = 949E25F22BEFD6D600406B08 /* CalendarView.swift */; };
		949E25F52BEFD6EA00406B08 /* CalendarViewModel.swift in Sources */ = {isa = PBXBuildFile; fileRef = 949E25F42BEFD6EA00406B08 /* CalendarViewModel.swift */; };
		949E25F82BEFDAEC00406B08 /* GoogleCalendar.swift in Sources */ = {isa = PBXBuildFile; fileRef = 949E25F72BEFDAEC00406B08 /* GoogleCalendar.swift */; };
		949E25FC2BEFDFC500406B08 /* GoogleCalendarService.swift in Sources */ = {isa = PBXBuildFile; fileRef = 949E25FB2BEFDFC500406B08 /* GoogleCalendarService.swift */; };
		94A885412BEFF19B00ECFA0D /* GoogleCalendarEvent.swift in Sources */ = {isa = PBXBuildFile; fileRef = 94A885402BEFF19B00ECFA0D /* GoogleCalendarEvent.swift */; };
		94A885452BF1EEC400ECFA0D /* ConnectGoogleCalendarView.swift in Sources */ = {isa = PBXBuildFile; fileRef = 94A885442BF1EEC400ECFA0D /* ConnectGoogleCalendarView.swift */; };
		94A885482BF2085400ECFA0D /* WeekView.swift in Sources */ = {isa = PBXBuildFile; fileRef = 94A885472BF2085400ECFA0D /* WeekView.swift */; };
		94A8854A2BF2086100ECFA0D /* WeekViewModel.swift in Sources */ = {isa = PBXBuildFile; fileRef = 94A885492BF2086100ECFA0D /* WeekViewModel.swift */; };
		94A8854D2BF20A2E00ECFA0D /* WeekDayView.swift in Sources */ = {isa = PBXBuildFile; fileRef = 94A8854C2BF20A2E00ECFA0D /* WeekDayView.swift */; };
		94A885532BF2238800ECFA0D /* ScheduleView.swift in Sources */ = {isa = PBXBuildFile; fileRef = 94A885522BF2238800ECFA0D /* ScheduleView.swift */; };
		94A885552BF2239600ECFA0D /* ScheduleViewModel.swift in Sources */ = {isa = PBXBuildFile; fileRef = 94A885542BF2239600ECFA0D /* ScheduleViewModel.swift */; };
		94A885572BF22CF300ECFA0D /* ScheduleTimeBlockView.swift in Sources */ = {isa = PBXBuildFile; fileRef = 94A885562BF22CF300ECFA0D /* ScheduleTimeBlockView.swift */; };
/* End PBXBuildFile section */

/* Begin PBXFileReference section */
		943C39702BF2331A00DB0F7F /* ScheduleEventView.swift */ = {isa = PBXFileReference; lastKnownFileType = sourcecode.swift; path = ScheduleEventView.swift; sourceTree = "<group>"; };
		943C39722BF2339E00DB0F7F /* Event.swift */ = {isa = PBXFileReference; lastKnownFileType = sourcecode.swift; path = Event.swift; sourceTree = "<group>"; };
		943C39742BF2367900DB0F7F /* Color.swift */ = {isa = PBXFileReference; lastKnownFileType = sourcecode.swift; path = Color.swift; sourceTree = "<group>"; };
		943C39762BF2AB5600DB0F7F /* Date.swift */ = {isa = PBXFileReference; lastKnownFileType = sourcecode.swift; path = Date.swift; sourceTree = "<group>"; };
		943C39782BF33B7900DB0F7F /* CalendarSelectedDateView.swift */ = {isa = PBXFileReference; lastKnownFileType = sourcecode.swift; path = CalendarSelectedDateView.swift; sourceTree = "<group>"; };
		943C397A2BF347EA00DB0F7F /* CalendarAddNewCalendarButtonView.swift */ = {isa = PBXFileReference; lastKnownFileType = sourcecode.swift; path = CalendarAddNewCalendarButtonView.swift; sourceTree = "<group>"; };
		943C397C2BF3492D00DB0F7F /* CalendarGoToChatbotButtonView.swift */ = {isa = PBXFileReference; lastKnownFileType = sourcecode.swift; path = CalendarGoToChatbotButtonView.swift; sourceTree = "<group>"; };
		943C397F2BF34E6200DB0F7F /* ManageCalendarsView.swift */ = {isa = PBXFileReference; lastKnownFileType = sourcecode.swift; path = ManageCalendarsView.swift; sourceTree = "<group>"; };
		943C39812BF3517500DB0F7F /* ManageCalendarsCalendarBlockView.swift */ = {isa = PBXFileReference; lastKnownFileType = sourcecode.swift; path = ManageCalendarsCalendarBlockView.swift; sourceTree = "<group>"; };
		943C39832BF354B100DB0F7F /* ManageCalendarsListView.swift */ = {isa = PBXFileReference; lastKnownFileType = sourcecode.swift; path = ManageCalendarsListView.swift; sourceTree = "<group>"; };
		943C39852BF36C1C00DB0F7F /* ManageCalendarsViewModel.swift */ = {isa = PBXFileReference; lastKnownFileType = sourcecode.swift; path = ManageCalendarsViewModel.swift; sourceTree = "<group>"; };
		943C39872BF37A8A00DB0F7F /* ManageCalendarsCalendarBlockViewModel.swift */ = {isa = PBXFileReference; lastKnownFileType = sourcecode.swift; path = ManageCalendarsCalendarBlockViewModel.swift; sourceTree = "<group>"; };
		949E25C62BEF9D2C00406B08 /* CalendFlow.app */ = {isa = PBXFileReference; explicitFileType = wrapper.application; includeInIndex = 0; path = CalendFlow.app; sourceTree = BUILT_PRODUCTS_DIR; };
		949E25C92BEF9D2C00406B08 /* CalendFlowApp.swift */ = {isa = PBXFileReference; lastKnownFileType = sourcecode.swift; path = CalendFlowApp.swift; sourceTree = "<group>"; };
		949E25CD2BEF9D2D00406B08 /* Assets.xcassets */ = {isa = PBXFileReference; lastKnownFileType = folder.assetcatalog; path = Assets.xcassets; sourceTree = "<group>"; };
		949E25D02BEF9D2D00406B08 /* Preview Assets.xcassets */ = {isa = PBXFileReference; lastKnownFileType = folder.assetcatalog; path = "Preview Assets.xcassets"; sourceTree = "<group>"; };
		949E25D72BEF9D7600406B08 /* MainView.swift */ = {isa = PBXFileReference; lastKnownFileType = sourcecode.swift; path = MainView.swift; sourceTree = "<group>"; };
		949E25DA2BEF9D9B00406B08 /* MainViewModel.swift */ = {isa = PBXFileReference; lastKnownFileType = sourcecode.swift; path = MainViewModel.swift; sourceTree = "<group>"; };
		949E25DE2BEFA58400406B08 /* SignInView.swift */ = {isa = PBXFileReference; lastKnownFileType = sourcecode.swift; path = SignInView.swift; sourceTree = "<group>"; };
		949E25E02BEFA59700406B08 /* SignInViewModel.swift */ = {isa = PBXFileReference; lastKnownFileType = sourcecode.swift; path = SignInViewModel.swift; sourceTree = "<group>"; };
		949E25E72BEFC6E800406B08 /* Info.plist */ = {isa = PBXFileReference; lastKnownFileType = text.plist; path = Info.plist; sourceTree = "<group>"; };
		949E25E92BEFC8B200406B08 /* UIApplication+.swift */ = {isa = PBXFileReference; lastKnownFileType = sourcecode.swift; path = "UIApplication+.swift"; sourceTree = "<group>"; };
		949E25ED2BEFCECF00406B08 /* TokenStorage.swift */ = {isa = PBXFileReference; lastKnownFileType = sourcecode.swift; path = TokenStorage.swift; sourceTree = "<group>"; };
		949E25F22BEFD6D600406B08 /* CalendarView.swift */ = {isa = PBXFileReference; lastKnownFileType = sourcecode.swift; path = CalendarView.swift; sourceTree = "<group>"; };
		949E25F42BEFD6EA00406B08 /* CalendarViewModel.swift */ = {isa = PBXFileReference; lastKnownFileType = sourcecode.swift; path = CalendarViewModel.swift; sourceTree = "<group>"; };
		949E25F72BEFDAEC00406B08 /* GoogleCalendar.swift */ = {isa = PBXFileReference; lastKnownFileType = sourcecode.swift; path = GoogleCalendar.swift; sourceTree = "<group>"; };
		949E25FB2BEFDFC500406B08 /* GoogleCalendarService.swift */ = {isa = PBXFileReference; lastKnownFileType = sourcecode.swift; path = GoogleCalendarService.swift; sourceTree = "<group>"; };
		94A885402BEFF19B00ECFA0D /* GoogleCalendarEvent.swift */ = {isa = PBXFileReference; lastKnownFileType = sourcecode.swift; path = GoogleCalendarEvent.swift; sourceTree = "<group>"; };
		94A885442BF1EEC400ECFA0D /* ConnectGoogleCalendarView.swift */ = {isa = PBXFileReference; lastKnownFileType = sourcecode.swift; path = ConnectGoogleCalendarView.swift; sourceTree = "<group>"; };
		94A885472BF2085400ECFA0D /* WeekView.swift */ = {isa = PBXFileReference; lastKnownFileType = sourcecode.swift; path = WeekView.swift; sourceTree = "<group>"; };
		94A885492BF2086100ECFA0D /* WeekViewModel.swift */ = {isa = PBXFileReference; lastKnownFileType = sourcecode.swift; path = WeekViewModel.swift; sourceTree = "<group>"; };
		94A8854C2BF20A2E00ECFA0D /* WeekDayView.swift */ = {isa = PBXFileReference; lastKnownFileType = sourcecode.swift; path = WeekDayView.swift; sourceTree = "<group>"; };
		94A885522BF2238800ECFA0D /* ScheduleView.swift */ = {isa = PBXFileReference; lastKnownFileType = sourcecode.swift; path = ScheduleView.swift; sourceTree = "<group>"; };
		94A885542BF2239600ECFA0D /* ScheduleViewModel.swift */ = {isa = PBXFileReference; lastKnownFileType = sourcecode.swift; path = ScheduleViewModel.swift; sourceTree = "<group>"; };
		94A885562BF22CF300ECFA0D /* ScheduleTimeBlockView.swift */ = {isa = PBXFileReference; lastKnownFileType = sourcecode.swift; path = ScheduleTimeBlockView.swift; sourceTree = "<group>"; };
/* End PBXFileReference section */

/* Begin PBXFrameworksBuildPhase section */
		949E25C32BEF9D2C00406B08 /* Frameworks */ = {
			isa = PBXFrameworksBuildPhase;
			buildActionMask = 2147483647;
			files = (
				949E25E42BEFC32800406B08 /* GoogleSignIn in Frameworks */,
				949E25E62BEFC32800406B08 /* GoogleSignInSwift in Frameworks */,
			);
			runOnlyForDeploymentPostprocessing = 0;
		};
/* End PBXFrameworksBuildPhase section */

/* Begin PBXGroup section */
		943C397E2BF34E2C00DB0F7F /* ManageCalendars */ = {
			isa = PBXGroup;
			children = (
				943C397F2BF34E6200DB0F7F /* ManageCalendarsView.swift */,
				943C39852BF36C1C00DB0F7F /* ManageCalendarsViewModel.swift */,
				943C39832BF354B100DB0F7F /* ManageCalendarsListView.swift */,
				943C39812BF3517500DB0F7F /* ManageCalendarsCalendarBlockView.swift */,
				943C39872BF37A8A00DB0F7F /* ManageCalendarsCalendarBlockViewModel.swift */,
			);
			path = ManageCalendars;
			sourceTree = "<group>";
		};
		949E25BD2BEF9D2C00406B08 = {
			isa = PBXGroup;
			children = (
				949E25C82BEF9D2C00406B08 /* CalendFlow */,
				949E25C72BEF9D2C00406B08 /* Products */,
			);
			sourceTree = "<group>";
		};
		949E25C72BEF9D2C00406B08 /* Products */ = {
			isa = PBXGroup;
			children = (
				949E25C62BEF9D2C00406B08 /* CalendFlow.app */,
			);
			name = Products;
			sourceTree = "<group>";
		};
		949E25C82BEF9D2C00406B08 /* CalendFlow */ = {
			isa = PBXGroup;
			children = (
				94A885422BF1EE2700ECFA0D /* ViewsViewModels */,
				949E25FA2BEFDFA700406B08 /* Services */,
				949E25F62BEFDAD800406B08 /* Models */,
				949E25EC2BEFCEB600406B08 /* Storages */,
				949E25E82BEFC89A00406B08 /* Extensions */,
				949E25E72BEFC6E800406B08 /* Info.plist */,
				949E25C92BEF9D2C00406B08 /* CalendFlowApp.swift */,
				949E25CD2BEF9D2D00406B08 /* Assets.xcassets */,
				949E25CF2BEF9D2D00406B08 /* Preview Content */,
			);
			path = CalendFlow;
			sourceTree = "<group>";
		};
		949E25CF2BEF9D2D00406B08 /* Preview Content */ = {
			isa = PBXGroup;
			children = (
				949E25D02BEF9D2D00406B08 /* Preview Assets.xcassets */,
			);
			path = "Preview Content";
			sourceTree = "<group>";
		};
		949E25D92BEF9D9100406B08 /* Main */ = {
			isa = PBXGroup;
			children = (
				949E25D72BEF9D7600406B08 /* MainView.swift */,
				949E25DA2BEF9D9B00406B08 /* MainViewModel.swift */,
			);
			path = Main;
			sourceTree = "<group>";
		};
		949E25DD2BEFA54D00406B08 /* SignIn */ = {
			isa = PBXGroup;
			children = (
				949E25DE2BEFA58400406B08 /* SignInView.swift */,
				949E25E02BEFA59700406B08 /* SignInViewModel.swift */,
			);
			path = SignIn;
			sourceTree = "<group>";
		};
		949E25E82BEFC89A00406B08 /* Extensions */ = {
			isa = PBXGroup;
			children = (
				94A885402BEFF19B00ECFA0D /* GoogleCalendarEvent.swift */,
				949E25E92BEFC8B200406B08 /* UIApplication+.swift */,
				943C39742BF2367900DB0F7F /* Color.swift */,
				943C39762BF2AB5600DB0F7F /* Date.swift */,
			);
			path = Extensions;
			sourceTree = "<group>";
		};
		949E25EC2BEFCEB600406B08 /* Storages */ = {
			isa = PBXGroup;
			children = (
				949E25ED2BEFCECF00406B08 /* TokenStorage.swift */,
			);
			path = Storages;
			sourceTree = "<group>";
		};
		949E25EF2BEFD69B00406B08 /* Calendar */ = {
			isa = PBXGroup;
			children = (
				949E25F22BEFD6D600406B08 /* CalendarView.swift */,
				949E25F42BEFD6EA00406B08 /* CalendarViewModel.swift */,
				943C39782BF33B7900DB0F7F /* CalendarSelectedDateView.swift */,
				943C397A2BF347EA00DB0F7F /* CalendarAddNewCalendarButtonView.swift */,
				943C397C2BF3492D00DB0F7F /* CalendarGoToChatbotButtonView.swift */,
			);
			path = Calendar;
			sourceTree = "<group>";
		};
		949E25F62BEFDAD800406B08 /* Models */ = {
			isa = PBXGroup;
			children = (
				949E25F72BEFDAEC00406B08 /* GoogleCalendar.swift */,
				943C39722BF2339E00DB0F7F /* Event.swift */,
			);
			path = Models;
			sourceTree = "<group>";
		};
		949E25FA2BEFDFA700406B08 /* Services */ = {
			isa = PBXGroup;
			children = (
				949E25FB2BEFDFC500406B08 /* GoogleCalendarService.swift */,
			);
			path = Services;
			sourceTree = "<group>";
		};
		94A885422BF1EE2700ECFA0D /* ViewsViewModels */ = {
			isa = PBXGroup;
			children = (
				943C397E2BF34E2C00DB0F7F /* ManageCalendars */,
				949E25EF2BEFD69B00406B08 /* Calendar */,
				94A885502BF2235A00ECFA0D /* Schedule */,
				94A885462BF2084400ECFA0D /* Week */,
				94A885432BF1EE7600ECFA0D /* ConnectGoogleCalendar */,
				949E25DD2BEFA54D00406B08 /* SignIn */,
				949E25D92BEF9D9100406B08 /* Main */,
			);
			path = ViewsViewModels;
			sourceTree = "<group>";
		};
		94A885432BF1EE7600ECFA0D /* ConnectGoogleCalendar */ = {
			isa = PBXGroup;
			children = (
				94A885442BF1EEC400ECFA0D /* ConnectGoogleCalendarView.swift */,
			);
			path = ConnectGoogleCalendar;
			sourceTree = "<group>";
		};
		94A885462BF2084400ECFA0D /* Week */ = {
			isa = PBXGroup;
			children = (
				94A885472BF2085400ECFA0D /* WeekView.swift */,
				94A885492BF2086100ECFA0D /* WeekViewModel.swift */,
				94A8854C2BF20A2E00ECFA0D /* WeekDayView.swift */,
			);
			path = Week;
			sourceTree = "<group>";
		};
		94A885502BF2235A00ECFA0D /* Schedule */ = {
			isa = PBXGroup;
			children = (
				94A885522BF2238800ECFA0D /* ScheduleView.swift */,
				94A885542BF2239600ECFA0D /* ScheduleViewModel.swift */,
				94A885562BF22CF300ECFA0D /* ScheduleTimeBlockView.swift */,
				943C39702BF2331A00DB0F7F /* ScheduleEventView.swift */,
			);
			path = Schedule;
			sourceTree = "<group>";
		};
/* End PBXGroup section */

/* Begin PBXNativeTarget section */
		949E25C52BEF9D2C00406B08 /* CalendFlow */ = {
			isa = PBXNativeTarget;
			buildConfigurationList = 949E25D42BEF9D2D00406B08 /* Build configuration list for PBXNativeTarget "CalendFlow" */;
			buildPhases = (
				949E25C22BEF9D2C00406B08 /* Sources */,
				949E25C32BEF9D2C00406B08 /* Frameworks */,
				949E25C42BEF9D2C00406B08 /* Resources */,
			);
			buildRules = (
			);
			dependencies = (
			);
			name = CalendFlow;
			packageProductDependencies = (
				949E25E32BEFC32800406B08 /* GoogleSignIn */,
				949E25E52BEFC32800406B08 /* GoogleSignInSwift */,
			);
			productName = CalendFlow;
			productReference = 949E25C62BEF9D2C00406B08 /* CalendFlow.app */;
			productType = "com.apple.product-type.application";
		};
/* End PBXNativeTarget section */

/* Begin PBXProject section */
		949E25BE2BEF9D2C00406B08 /* Project object */ = {
			isa = PBXProject;
			attributes = {
				BuildIndependentTargetsInParallel = 1;
				LastSwiftUpdateCheck = 1530;
				LastUpgradeCheck = 1530;
				TargetAttributes = {
					949E25C52BEF9D2C00406B08 = {
						CreatedOnToolsVersion = 15.3;
					};
				};
			};
			buildConfigurationList = 949E25C12BEF9D2C00406B08 /* Build configuration list for PBXProject "CalendFlow" */;
			compatibilityVersion = "Xcode 14.0";
			developmentRegion = en;
			hasScannedForEncodings = 0;
			knownRegions = (
				en,
				Base,
			);
			mainGroup = 949E25BD2BEF9D2C00406B08;
			packageReferences = (
				949E25E22BEFC32800406B08 /* XCRemoteSwiftPackageReference "GoogleSignIn-iOS" */,
				949E25EB2BEFCBB600406B08 /* XCRemoteSwiftPackageReference "google-api-objectivec-client-for-rest" */,
			);
			productRefGroup = 949E25C72BEF9D2C00406B08 /* Products */;
			projectDirPath = "";
			projectRoot = "";
			targets = (
				949E25C52BEF9D2C00406B08 /* CalendFlow */,
			);
		};
/* End PBXProject section */

/* Begin PBXResourcesBuildPhase section */
		949E25C42BEF9D2C00406B08 /* Resources */ = {
			isa = PBXResourcesBuildPhase;
			buildActionMask = 2147483647;
			files = (
				949E25D12BEF9D2D00406B08 /* Preview Assets.xcassets in Resources */,
				949E25CE2BEF9D2D00406B08 /* Assets.xcassets in Resources */,
			);
			runOnlyForDeploymentPostprocessing = 0;
		};
/* End PBXResourcesBuildPhase section */

/* Begin PBXSourcesBuildPhase section */
		949E25C22BEF9D2C00406B08 /* Sources */ = {
			isa = PBXSourcesBuildPhase;
			buildActionMask = 2147483647;
			files = (
				943C39772BF2AB5600DB0F7F /* Date.swift in Sources */,
				949E25CA2BEF9D2C00406B08 /* CalendFlowApp.swift in Sources */,
				94A8854D2BF20A2E00ECFA0D /* WeekDayView.swift in Sources */,
				949E25D82BEF9D7600406B08 /* MainView.swift in Sources */,
				943C397D2BF3492D00DB0F7F /* CalendarGoToChatbotButtonView.swift in Sources */,
				94A885482BF2085400ECFA0D /* WeekView.swift in Sources */,
				943C39712BF2331A00DB0F7F /* ScheduleEventView.swift in Sources */,
				943C39792BF33B7900DB0F7F /* CalendarSelectedDateView.swift in Sources */,
				943C39802BF34E6200DB0F7F /* ManageCalendarsView.swift in Sources */,
				94A8854A2BF2086100ECFA0D /* WeekViewModel.swift in Sources */,
				94A885532BF2238800ECFA0D /* ScheduleView.swift in Sources */,
				94A885452BF1EEC400ECFA0D /* ConnectGoogleCalendarView.swift in Sources */,
				949E25EA2BEFC8B200406B08 /* UIApplication+.swift in Sources */,
				949E25EE2BEFCECF00406B08 /* TokenStorage.swift in Sources */,
				943C39882BF37A8A00DB0F7F /* ManageCalendarsCalendarBlockViewModel.swift in Sources */,
				94A885572BF22CF300ECFA0D /* ScheduleTimeBlockView.swift in Sources */,
				94A885552BF2239600ECFA0D /* ScheduleViewModel.swift in Sources */,
				943C39842BF354B100DB0F7F /* ManageCalendarsListView.swift in Sources */,
				943C39822BF3517500DB0F7F /* ManageCalendarsCalendarBlockView.swift in Sources */,
				949E25F82BEFDAEC00406B08 /* GoogleCalendar.swift in Sources */,
				943C39752BF2367900DB0F7F /* Color.swift in Sources */,
				949E25F52BEFD6EA00406B08 /* CalendarViewModel.swift in Sources */,
				943C39862BF36C1C00DB0F7F /* ManageCalendarsViewModel.swift in Sources */,
				943C397B2BF347EA00DB0F7F /* CalendarAddNewCalendarButtonView.swift in Sources */,
				949E25FC2BEFDFC500406B08 /* GoogleCalendarService.swift in Sources */,
				949E25DF2BEFA58400406B08 /* SignInView.swift in Sources */,
				949E25F32BEFD6D600406B08 /* CalendarView.swift in Sources */,
				94A885412BEFF19B00ECFA0D /* GoogleCalendarEvent.swift in Sources */,
				949E25DB2BEF9D9B00406B08 /* MainViewModel.swift in Sources */,
				943C39732BF2339E00DB0F7F /* Event.swift in Sources */,
				949E25E12BEFA59700406B08 /* SignInViewModel.swift in Sources */,
			);
			runOnlyForDeploymentPostprocessing = 0;
		};
/* End PBXSourcesBuildPhase section */

/* Begin XCBuildConfiguration section */
		949E25D22BEF9D2D00406B08 /* Debug */ = {
			isa = XCBuildConfiguration;
			buildSettings = {
				ALWAYS_SEARCH_USER_PATHS = NO;
				ASSETCATALOG_COMPILER_GENERATE_SWIFT_ASSET_SYMBOL_EXTENSIONS = YES;
				CLANG_ANALYZER_NONNULL = YES;
				CLANG_ANALYZER_NUMBER_OBJECT_CONVERSION = YES_AGGRESSIVE;
				CLANG_CXX_LANGUAGE_STANDARD = "gnu++20";
				CLANG_ENABLE_MODULES = YES;
				CLANG_ENABLE_OBJC_ARC = YES;
				CLANG_ENABLE_OBJC_WEAK = YES;
				CLANG_WARN_BLOCK_CAPTURE_AUTORELEASING = YES;
				CLANG_WARN_BOOL_CONVERSION = YES;
				CLANG_WARN_COMMA = YES;
				CLANG_WARN_CONSTANT_CONVERSION = YES;
				CLANG_WARN_DEPRECATED_OBJC_IMPLEMENTATIONS = YES;
				CLANG_WARN_DIRECT_OBJC_ISA_USAGE = YES_ERROR;
				CLANG_WARN_DOCUMENTATION_COMMENTS = YES;
				CLANG_WARN_EMPTY_BODY = YES;
				CLANG_WARN_ENUM_CONVERSION = YES;
				CLANG_WARN_INFINITE_RECURSION = YES;
				CLANG_WARN_INT_CONVERSION = YES;
				CLANG_WARN_NON_LITERAL_NULL_CONVERSION = YES;
				CLANG_WARN_OBJC_IMPLICIT_RETAIN_SELF = YES;
				CLANG_WARN_OBJC_LITERAL_CONVERSION = YES;
				CLANG_WARN_OBJC_ROOT_CLASS = YES_ERROR;
				CLANG_WARN_QUOTED_INCLUDE_IN_FRAMEWORK_HEADER = YES;
				CLANG_WARN_RANGE_LOOP_ANALYSIS = YES;
				CLANG_WARN_STRICT_PROTOTYPES = YES;
				CLANG_WARN_SUSPICIOUS_MOVE = YES;
				CLANG_WARN_UNGUARDED_AVAILABILITY = YES_AGGRESSIVE;
				CLANG_WARN_UNREACHABLE_CODE = YES;
				CLANG_WARN__DUPLICATE_METHOD_MATCH = YES;
				COPY_PHASE_STRIP = NO;
				DEBUG_INFORMATION_FORMAT = dwarf;
				ENABLE_STRICT_OBJC_MSGSEND = YES;
				ENABLE_TESTABILITY = YES;
				ENABLE_USER_SCRIPT_SANDBOXING = YES;
				GCC_C_LANGUAGE_STANDARD = gnu17;
				GCC_DYNAMIC_NO_PIC = NO;
				GCC_NO_COMMON_BLOCKS = YES;
				GCC_OPTIMIZATION_LEVEL = 0;
				GCC_PREPROCESSOR_DEFINITIONS = (
					"DEBUG=1",
					"$(inherited)",
				);
				GCC_WARN_64_TO_32_BIT_CONVERSION = YES;
				GCC_WARN_ABOUT_RETURN_TYPE = YES_ERROR;
				GCC_WARN_UNDECLARED_SELECTOR = YES;
				GCC_WARN_UNINITIALIZED_AUTOS = YES_AGGRESSIVE;
				GCC_WARN_UNUSED_FUNCTION = YES;
				GCC_WARN_UNUSED_VARIABLE = YES;
				IPHONEOS_DEPLOYMENT_TARGET = 17.4;
				LOCALIZATION_PREFERS_STRING_CATALOGS = YES;
				MTL_ENABLE_DEBUG_INFO = INCLUDE_SOURCE;
				MTL_FAST_MATH = YES;
				ONLY_ACTIVE_ARCH = YES;
				SDKROOT = iphoneos;
				SWIFT_ACTIVE_COMPILATION_CONDITIONS = "DEBUG $(inherited)";
				SWIFT_OPTIMIZATION_LEVEL = "-Onone";
			};
			name = Debug;
		};
		949E25D32BEF9D2D00406B08 /* Release */ = {
			isa = XCBuildConfiguration;
			buildSettings = {
				ALWAYS_SEARCH_USER_PATHS = NO;
				ASSETCATALOG_COMPILER_GENERATE_SWIFT_ASSET_SYMBOL_EXTENSIONS = YES;
				CLANG_ANALYZER_NONNULL = YES;
				CLANG_ANALYZER_NUMBER_OBJECT_CONVERSION = YES_AGGRESSIVE;
				CLANG_CXX_LANGUAGE_STANDARD = "gnu++20";
				CLANG_ENABLE_MODULES = YES;
				CLANG_ENABLE_OBJC_ARC = YES;
				CLANG_ENABLE_OBJC_WEAK = YES;
				CLANG_WARN_BLOCK_CAPTURE_AUTORELEASING = YES;
				CLANG_WARN_BOOL_CONVERSION = YES;
				CLANG_WARN_COMMA = YES;
				CLANG_WARN_CONSTANT_CONVERSION = YES;
				CLANG_WARN_DEPRECATED_OBJC_IMPLEMENTATIONS = YES;
				CLANG_WARN_DIRECT_OBJC_ISA_USAGE = YES_ERROR;
				CLANG_WARN_DOCUMENTATION_COMMENTS = YES;
				CLANG_WARN_EMPTY_BODY = YES;
				CLANG_WARN_ENUM_CONVERSION = YES;
				CLANG_WARN_INFINITE_RECURSION = YES;
				CLANG_WARN_INT_CONVERSION = YES;
				CLANG_WARN_NON_LITERAL_NULL_CONVERSION = YES;
				CLANG_WARN_OBJC_IMPLICIT_RETAIN_SELF = YES;
				CLANG_WARN_OBJC_LITERAL_CONVERSION = YES;
				CLANG_WARN_OBJC_ROOT_CLASS = YES_ERROR;
				CLANG_WARN_QUOTED_INCLUDE_IN_FRAMEWORK_HEADER = YES;
				CLANG_WARN_RANGE_LOOP_ANALYSIS = YES;
				CLANG_WARN_STRICT_PROTOTYPES = YES;
				CLANG_WARN_SUSPICIOUS_MOVE = YES;
				CLANG_WARN_UNGUARDED_AVAILABILITY = YES_AGGRESSIVE;
				CLANG_WARN_UNREACHABLE_CODE = YES;
				CLANG_WARN__DUPLICATE_METHOD_MATCH = YES;
				COPY_PHASE_STRIP = NO;
				DEBUG_INFORMATION_FORMAT = "dwarf-with-dsym";
				ENABLE_NS_ASSERTIONS = NO;
				ENABLE_STRICT_OBJC_MSGSEND = YES;
				ENABLE_USER_SCRIPT_SANDBOXING = YES;
				GCC_C_LANGUAGE_STANDARD = gnu17;
				GCC_NO_COMMON_BLOCKS = YES;
				GCC_WARN_64_TO_32_BIT_CONVERSION = YES;
				GCC_WARN_ABOUT_RETURN_TYPE = YES_ERROR;
				GCC_WARN_UNDECLARED_SELECTOR = YES;
				GCC_WARN_UNINITIALIZED_AUTOS = YES_AGGRESSIVE;
				GCC_WARN_UNUSED_FUNCTION = YES;
				GCC_WARN_UNUSED_VARIABLE = YES;
				IPHONEOS_DEPLOYMENT_TARGET = 17.4;
				LOCALIZATION_PREFERS_STRING_CATALOGS = YES;
				MTL_ENABLE_DEBUG_INFO = NO;
				MTL_FAST_MATH = YES;
				SDKROOT = iphoneos;
				SWIFT_COMPILATION_MODE = wholemodule;
				VALIDATE_PRODUCT = YES;
			};
			name = Release;
		};
		949E25D52BEF9D2D00406B08 /* Debug */ = {
			isa = XCBuildConfiguration;
			buildSettings = {
				ASSETCATALOG_COMPILER_APPICON_NAME = AppIcon;
				ASSETCATALOG_COMPILER_GLOBAL_ACCENT_COLOR_NAME = AccentColor;
				CODE_SIGN_STYLE = Automatic;
				CURRENT_PROJECT_VERSION = 1;
				DEVELOPMENT_ASSET_PATHS = "\"CalendFlow/Preview Content\"";
				DEVELOPMENT_TEAM = JSU3274V26;
				ENABLE_PREVIEWS = YES;
				GENERATE_INFOPLIST_FILE = YES;
				INFOPLIST_FILE = CalendFlow/Info.plist;
				INFOPLIST_KEY_UIApplicationSceneManifest_Generation = YES;
				INFOPLIST_KEY_UIApplicationSupportsIndirectInputEvents = YES;
				INFOPLIST_KEY_UILaunchScreen_Generation = YES;
				INFOPLIST_KEY_UISupportedInterfaceOrientations_iPad = "UIInterfaceOrientationPortrait UIInterfaceOrientationPortraitUpsideDown UIInterfaceOrientationLandscapeLeft UIInterfaceOrientationLandscapeRight";
				INFOPLIST_KEY_UISupportedInterfaceOrientations_iPhone = "UIInterfaceOrientationPortrait UIInterfaceOrientationLandscapeLeft UIInterfaceOrientationLandscapeRight";
				LD_RUNPATH_SEARCH_PATHS = (
					"$(inherited)",
					"@executable_path/Frameworks",
				);
				MARKETING_VERSION = 1.0;
				PRODUCT_BUNDLE_IDENTIFIER = com.dariiamoisol.CalendFlow;
				PRODUCT_NAME = "$(TARGET_NAME)";
				SWIFT_EMIT_LOC_STRINGS = YES;
				SWIFT_VERSION = 5.0;
				TARGETED_DEVICE_FAMILY = "1,2";
			};
			name = Debug;
		};
		949E25D62BEF9D2D00406B08 /* Release */ = {
			isa = XCBuildConfiguration;
			buildSettings = {
				ASSETCATALOG_COMPILER_APPICON_NAME = AppIcon;
				ASSETCATALOG_COMPILER_GLOBAL_ACCENT_COLOR_NAME = AccentColor;
				CODE_SIGN_STYLE = Automatic;
				CURRENT_PROJECT_VERSION = 1;
				DEVELOPMENT_ASSET_PATHS = "\"CalendFlow/Preview Content\"";
				DEVELOPMENT_TEAM = JSU3274V26;
				ENABLE_PREVIEWS = YES;
				GENERATE_INFOPLIST_FILE = YES;
				INFOPLIST_FILE = CalendFlow/Info.plist;
				INFOPLIST_KEY_UIApplicationSceneManifest_Generation = YES;
				INFOPLIST_KEY_UIApplicationSupportsIndirectInputEvents = YES;
				INFOPLIST_KEY_UILaunchScreen_Generation = YES;
				INFOPLIST_KEY_UISupportedInterfaceOrientations_iPad = "UIInterfaceOrientationPortrait UIInterfaceOrientationPortraitUpsideDown UIInterfaceOrientationLandscapeLeft UIInterfaceOrientationLandscapeRight";
				INFOPLIST_KEY_UISupportedInterfaceOrientations_iPhone = "UIInterfaceOrientationPortrait UIInterfaceOrientationLandscapeLeft UIInterfaceOrientationLandscapeRight";
				LD_RUNPATH_SEARCH_PATHS = (
					"$(inherited)",
					"@executable_path/Frameworks",
				);
				MARKETING_VERSION = 1.0;
				PRODUCT_BUNDLE_IDENTIFIER = com.dariiamoisol.CalendFlow;
				PRODUCT_NAME = "$(TARGET_NAME)";
				SWIFT_EMIT_LOC_STRINGS = YES;
				SWIFT_VERSION = 5.0;
				TARGETED_DEVICE_FAMILY = "1,2";
			};
			name = Release;
		};
/* End XCBuildConfiguration section */

/* Begin XCConfigurationList section */
		949E25C12BEF9D2C00406B08 /* Build configuration list for PBXProject "CalendFlow" */ = {
			isa = XCConfigurationList;
			buildConfigurations = (
				949E25D22BEF9D2D00406B08 /* Debug */,
				949E25D32BEF9D2D00406B08 /* Release */,
			);
			defaultConfigurationIsVisible = 0;
			defaultConfigurationName = Release;
		};
		949E25D42BEF9D2D00406B08 /* Build configuration list for PBXNativeTarget "CalendFlow" */ = {
			isa = XCConfigurationList;
			buildConfigurations = (
				949E25D52BEF9D2D00406B08 /* Debug */,
				949E25D62BEF9D2D00406B08 /* Release */,
			);
			defaultConfigurationIsVisible = 0;
			defaultConfigurationName = Release;
		};
/* End XCConfigurationList section */

/* Begin XCRemoteSwiftPackageReference section */
		949E25E22BEFC32800406B08 /* XCRemoteSwiftPackageReference "GoogleSignIn-iOS" */ = {
			isa = XCRemoteSwiftPackageReference;
			repositoryURL = "https://github.com/google/GoogleSignIn-iOS";
			requirement = {
				kind = upToNextMajorVersion;
				minimumVersion = 7.1.0;
			};
		};
		949E25EB2BEFCBB600406B08 /* XCRemoteSwiftPackageReference "google-api-objectivec-client-for-rest" */ = {
			isa = XCRemoteSwiftPackageReference;
			repositoryURL = "https://github.com/google/google-api-objectivec-client-for-rest";
			requirement = {
				branch = main;
				kind = branch;
			};
		};
/* End XCRemoteSwiftPackageReference section */

/* Begin XCSwiftPackageProductDependency section */
		949E25E32BEFC32800406B08 /* GoogleSignIn */ = {
			isa = XCSwiftPackageProductDependency;
			package = 949E25E22BEFC32800406B08 /* XCRemoteSwiftPackageReference "GoogleSignIn-iOS" */;
			productName = GoogleSignIn;
		};
		949E25E52BEFC32800406B08 /* GoogleSignInSwift */ = {
			isa = XCSwiftPackageProductDependency;
			package = 949E25E22BEFC32800406B08 /* XCRemoteSwiftPackageReference "GoogleSignIn-iOS" */;
			productName = GoogleSignInSwift;
		};
/* End XCSwiftPackageProductDependency section */
	};
	rootObject = 949E25BE2BEF9D2C00406B08 /* Project object */;
}
